
Microsoft Visual Studio Solution File, Format Version 12.00
# Visual Studio Version 17
VisualStudioVersion = 17.6.33712.159
MinimumVisualStudioVersion = 10.0.40219.1
Project("{FAE04EC0-301F-11D3-BF4B-00C04F79EFBC}") = "TasksWebAPP", "TasksWebAPP\TasksWebAPP.csproj", "{0A2C259E-ABCD-4927-941F-0D316E608572}"
EndProject
Global
	GlobalSection(SolutionConfigurationPlatforms) = preSolution
		Debug|Any CPU = Debug|Any CPU
		Release|Any CPU = Release|Any CPU
	EndGlobalSection
	GlobalSection(ProjectConfigurationPlatforms) = postSolution
		{0A2C259E-ABCD-4927-941F-0D316E608572}.Debug|Any CPU.ActiveCfg = Debug|Any CPU
		{0A2C259E-ABCD-4927-941F-0D316E608572}.Debug|Any CPU.Build.0 = Debug|Any CPU
		{0A2C259E-ABCD-4927-941F-0D316E608572}.Release|Any CPU.ActiveCfg = Release|Any CPU
		{0A2C259E-ABCD-4927-941F-0D316E608572}.Release|Any CPU.Build.0 = Release|Any CPU
	EndGlobalSection
	GlobalSection(SolutionProperties) = preSolution
		HideSolutionNode = FALSE
	EndGlobalSection
	GlobalSection(ExtensibilityGlobals) = postSolution
		SolutionGuid = {38F57F17-BFCC-438E-AA8F-83B6C59F25BA}
	EndGlobalSection
EndGlobal
